// !$*UTF8*$!
{
	archiveVersion = 1;
	classes = {
	};
	objectVersion = 55;
	objects = {

/* Begin PBXBuildFile section */
		0F184FA02882F9E900335E73 /* Main.storyboard in Resources */ = {isa = PBXBuildFile; fileRef = 0F184F9F2882F9E900335E73 /* Main.storyboard */; };
		0F7CA9402882F3D5008B8E85 /* AppDelegate.m in Sources */ = {isa = PBXBuildFile; fileRef = 0F7CA93F2882F3D5008B8E85 /* AppDelegate.m */; };
		0F7CA9432882F3D5008B8E85 /* SceneDelegate.m in Sources */ = {isa = PBXBuildFile; fileRef = 0F7CA9422882F3D5008B8E85 /* SceneDelegate.m */; };
		0F7CA94B2882F3D6008B8E85 /* Assets.xcassets in Resources */ = {isa = PBXBuildFile; fileRef = 0F7CA94A2882F3D6008B8E85 /* Assets.xcassets */; };
		0F7CA94E2882F3D6008B8E85 /* LaunchScreen.storyboard in Resources */ = {isa = PBXBuildFile; fileRef = 0F7CA94C2882F3D6008B8E85 /* LaunchScreen.storyboard */; };
		0F7CA9512882F3D6008B8E85 /* main.m in Sources */ = {isa = PBXBuildFile; fileRef = 0F7CA9502882F3D6008B8E85 /* main.m */; };
		0F7CA9642882F431008B8E85 /* razewarelogo_128.png in Resources */ = {isa = PBXBuildFile; fileRef = 0F7CA9592882F431008B8E85 /* razewarelogo_128.png */; };
		0F7CA9652882F431008B8E85 /* cylinderblue.png in Resources */ = {isa = PBXBuildFile; fileRef = 0F7CA95A2882F431008B8E85 /* cylinderblue.png */; };
		0F7CA9662882F431008B8E85 /* barrelsecond.png in Resources */ = {isa = PBXBuildFile; fileRef = 0F7CA95B2882F431008B8E85 /* barrelsecond.png */; };
		0F7CA9672882F431008B8E85 /* sword.png in Resources */ = {isa = PBXBuildFile; fileRef = 0F7CA95C2882F431008B8E85 /* sword.png */; };
		0F7CA9682882F431008B8E85 /* dungeon_01.png in Resources */ = {isa = PBXBuildFile; fileRef = 0F7CA95D2882F431008B8E85 /* dungeon_01.png */; };
		0F7CA9692882F431008B8E85 /* tree.png in Resources */ = {isa = PBXBuildFile; fileRef = 0F7CA95E2882F431008B8E85 /* tree.png */; };
		0F7CA96A2882F431008B8E85 /* boardred.png in Resources */ = {isa = PBXBuildFile; fileRef = 0F7CA95F2882F431008B8E85 /* boardred.png */; };
		0F7CA96B2882F431008B8E85 /* greenbox.png in Resources */ = {isa = PBXBuildFile; fileRef = 0F7CA9602882F431008B8E85 /* greenbox.png */; };
		0F7CA96C2882F431008B8E85 /* sphere2.png in Resources */ = {isa = PBXBuildFile; fileRef = 0F7CA9612882F431008B8E85 /* sphere2.png */; };
		0F7CA96D2882F431008B8E85 /* mushroom.png in Resources */ = {isa = PBXBuildFile; fileRef = 0F7CA9622882F431008B8E85 /* mushroom.png */; };
		0F7CA96E2882F431008B8E85 /* whitebarrel.png in Resources */ = {isa = PBXBuildFile; fileRef = 0F7CA9632882F431008B8E85 /* whitebarrel.png */; };
		0F7CA9922882F452008B8E85 /* RWTModel.m in Sources */ = {isa = PBXBuildFile; fileRef = 0F7CA9732882F451008B8E85 /* RWTModel.m */; };
		0F7CA9932882F452008B8E85 /* RWTCube.m in Sources */ = {isa = PBXBuildFile; fileRef = 0F7CA9762882F451008B8E85 /* RWTCube.m */; };
		0F7CA9942882F452008B8E85 /* cylinderblue.m in Sources */ = {isa = PBXBuildFile; fileRef = 0F7CA9782882F451008B8E85 /* cylinderblue.m */; };
		0F7CA9952882F452008B8E85 /* RWTMushroom.m in Sources */ = {isa = PBXBuildFile; fileRef = 0F7CA9792882F451008B8E85 /* RWTMushroom.m */; };
		0F7CA9962882F452008B8E85 /* RWTTree.m in Sources */ = {isa = PBXBuildFile; fileRef = 0F7CA97B2882F451008B8E85 /* RWTTree.m */; };
		0F7CA9972882F452008B8E85 /* RWTSphere.m in Sources */ = {isa = PBXBuildFile; fileRef = 0F7CA97D2882F451008B8E85 /* RWTSphere.m */; };
		0F7CA9982882F452008B8E85 /* sphere.m in Sources */ = {isa = PBXBuildFile; fileRef = 0F7CA97E2882F451008B8E85 /* sphere.m */; };
		0F7CA9992882F452008B8E85 /* RWTViewController.m in Sources */ = {isa = PBXBuildFile; fileRef = 0F7CA9822882F451008B8E85 /* RWTViewController.m */; };
		0F7CA99A2882F452008B8E85 /* mushroom.m in Sources */ = {isa = PBXBuildFile; fileRef = 0F7CA9832882F451008B8E85 /* mushroom.m */; };
		0F7CA99B2882F452008B8E85 /* boatd.m in Sources */ = {isa = PBXBuildFile; fileRef = 0F7CA9842882F451008B8E85 /* boatd.m */; };
		0F7CA99C2882F452008B8E85 /* RWTSword.m in Sources */ = {isa = PBXBuildFile; fileRef = 0F7CA9872882F451008B8E85 /* RWTSword.m */; };
		0F7CA99D2882F452008B8E85 /* RWTCylinder.m in Sources */ = {isa = PBXBuildFile; fileRef = 0F7CA9882882F452008B8E85 /* RWTCylinder.m */; };
		0F7CA99E2882F452008B8E85 /* RWTBoard.m in Sources */ = {isa = PBXBuildFile; fileRef = 0F7CA9892882F452008B8E85 /* RWTBoard.m */; };
		0F7CA99F2882F452008B8E85 /* sword.m in Sources */ = {isa = PBXBuildFile; fileRef = 0F7CA98A2882F452008B8E85 /* sword.m */; };
		0F7CA9A12882F452008B8E85 /* tree.m in Sources */ = {isa = PBXBuildFile; fileRef = 0F7CA98E2882F452008B8E85 /* tree.m */; };
		0F7CA9A52882F47C008B8E85 /* RWTSimpleFragment.glsl in Resources */ = {isa = PBXBuildFile; fileRef = 0F7CA9A32882F47C008B8E85 /* RWTSimpleFragment.glsl */; };
		0F7CA9A62882F47C008B8E85 /* RWTSimpleVertex.glsl in Resources */ = {isa = PBXBuildFile; fileRef = 0F7CA9A42882F47C008B8E85 /* RWTSimpleVertex.glsl */; };
		0F7CA9AB2882F494008B8E85 /* RWTBaseEffect.m in Sources */ = {isa = PBXBuildFile; fileRef = 0F7CA9A92882F494008B8E85 /* RWTBaseEffect.m */; };
/* End PBXBuildFile section */

/* Begin PBXFileReference section */
		0F184F9F2882F9E900335E73 /* Main.storyboard */ = {isa = PBXFileReference; fileEncoding = 4; lastKnownFileType = file.storyboard; path = Main.storyboard; sourceTree = "<group>"; };
		0F7CA93B2882F3D5008B8E85 /* iOpenGLES.app */ = {isa = PBXFileReference; explicitFileType = wrapper.application; includeInIndex = 0; path = iOpenGLES.app; sourceTree = BUILT_PRODUCTS_DIR; };
		0F7CA93E2882F3D5008B8E85 /* AppDelegate.h */ = {isa = PBXFileReference; lastKnownFileType = sourcecode.c.h; path = AppDelegate.h; sourceTree = "<group>"; };
		0F7CA93F2882F3D5008B8E85 /* AppDelegate.m */ = {isa = PBXFileReference; lastKnownFileType = sourcecode.c.objc; path = AppDelegate.m; sourceTree = "<group>"; };
		0F7CA9412882F3D5008B8E85 /* SceneDelegate.h */ = {isa = PBXFileReference; lastKnownFileType = sourcecode.c.h; path = SceneDelegate.h; sourceTree = "<group>"; };
		0F7CA9422882F3D5008B8E85 /* SceneDelegate.m */ = {isa = PBXFileReference; lastKnownFileType = sourcecode.c.objc; path = SceneDelegate.m; sourceTree = "<group>"; };
		0F7CA94A2882F3D6008B8E85 /* Assets.xcassets */ = {isa = PBXFileReference; lastKnownFileType = folder.assetcatalog; path = Assets.xcassets; sourceTree = "<group>"; };
		0F7CA94D2882F3D6008B8E85 /* Base */ = {isa = PBXFileReference; lastKnownFileType = file.storyboard; name = Base; path = Base.lproj/LaunchScreen.storyboard; sourceTree = "<group>"; };
		0F7CA94F2882F3D6008B8E85 /* Info.plist */ = {isa = PBXFileReference; lastKnownFileType = text.plist.xml; path = Info.plist; sourceTree = "<group>"; };
		0F7CA9502882F3D6008B8E85 /* main.m */ = {isa = PBXFileReference; lastKnownFileType = sourcecode.c.objc; path = main.m; sourceTree = "<group>"; };
		0F7CA9592882F431008B8E85 /* razewarelogo_128.png */ = {isa = PBXFileReference; lastKnownFileType = image.png; path = razewarelogo_128.png; sourceTree = "<group>"; };
		0F7CA95A2882F431008B8E85 /* cylinderblue.png */ = {isa = PBXFileReference; lastKnownFileType = image.png; path = cylinderblue.png; sourceTree = "<group>"; };
		0F7CA95B2882F431008B8E85 /* barrelsecond.png */ = {isa = PBXFileReference; lastKnownFileType = image.png; path = barrelsecond.png; sourceTree = "<group>"; };
		0F7CA95C2882F431008B8E85 /* sword.png */ = {isa = PBXFileReference; lastKnownFileType = image.png; path = sword.png; sourceTree = "<group>"; };
		0F7CA95D2882F431008B8E85 /* dungeon_01.png */ = {isa = PBXFileReference; lastKnownFileType = image.png; path = dungeon_01.png; sourceTree = "<group>"; };
		0F7CA95E2882F431008B8E85 /* tree.png */ = {isa = PBXFileReference; lastKnownFileType = image.png; path = tree.png; sourceTree = "<group>"; };
		0F7CA95F2882F431008B8E85 /* boardred.png */ = {isa = PBXFileReference; lastKnownFileType = image.png; path = boardred.png; sourceTree = "<group>"; };
		0F7CA9602882F431008B8E85 /* greenbox.png */ = {isa = PBXFileReference; lastKnownFileType = image.png; path = greenbox.png; sourceTree = "<group>"; };
		0F7CA9612882F431008B8E85 /* sphere2.png */ = {isa = PBXFileReference; lastKnownFileType = image.png; path = sphere2.png; sourceTree = "<group>"; };
		0F7CA9622882F431008B8E85 /* mushroom.png */ = {isa = PBXFileReference; lastKnownFileType = image.png; path = mushroom.png; sourceTree = "<group>"; };
		0F7CA9632882F431008B8E85 /* whitebarrel.png */ = {isa = PBXFileReference; lastKnownFileType = image.png; path = whitebarrel.png; sourceTree = "<group>"; };
		0F7CA9712882F451008B8E85 /* mushroom.h */ = {isa = PBXFileReference; fileEncoding = 4; lastKnownFileType = sourcecode.c.h; path = mushroom.h; sourceTree = "<group>"; };
		0F7CA9722882F451008B8E85 /* RWTViewController.h */ = {isa = PBXFileReference; fileEncoding = 4; lastKnownFileType = sourcecode.c.h; path = RWTViewController.h; sourceTree = "<group>"; };
		0F7CA9732882F451008B8E85 /* RWTModel.m */ = {isa = PBXFileReference; fileEncoding = 4; lastKnownFileType = sourcecode.c.objc; path = RWTModel.m; sourceTree = "<group>"; };
		0F7CA9742882F451008B8E85 /* RWTTree.h */ = {isa = PBXFileReference; fileEncoding = 4; lastKnownFileType = sourcecode.c.h; path = RWTTree.h; sourceTree = "<group>"; };
		0F7CA9752882F451008B8E85 /* RWTMushroom.h */ = {isa = PBXFileReference; fileEncoding = 4; lastKnownFileType = sourcecode.c.h; path = RWTMushroom.h; sourceTree = "<group>"; };
		0F7CA9762882F451008B8E85 /* RWTCube.m */ = {isa = PBXFileReference; fileEncoding = 4; lastKnownFileType = sourcecode.c.objc; path = RWTCube.m; sourceTree = "<group>"; };
		0F7CA9772882F451008B8E85 /* sword.h */ = {isa = PBXFileReference; fileEncoding = 4; lastKnownFileType = sourcecode.c.h; path = sword.h; sourceTree = "<group>"; };
		0F7CA9782882F451008B8E85 /* cylinderblue.m */ = {isa = PBXFileReference; fileEncoding = 4; lastKnownFileType = sourcecode.c.objc; path = cylinderblue.m; sourceTree = "<group>"; };
		0F7CA9792882F451008B8E85 /* RWTMushroom.m */ = {isa = PBXFileReference; fileEncoding = 4; lastKnownFileType = sourcecode.c.objc; path = RWTMushroom.m; sourceTree = "<group>"; };
		0F7CA97A2882F451008B8E85 /* RWTSphere.h */ = {isa = PBXFileReference; fileEncoding = 4; lastKnownFileType = sourcecode.c.h; path = RWTSphere.h; sourceTree = "<group>"; };
		0F7CA97B2882F451008B8E85 /* RWTTree.m */ = {isa = PBXFileReference; fileEncoding = 4; lastKnownFileType = sourcecode.c.objc; path = RWTTree.m; sourceTree = "<group>"; };
		0F7CA97C2882F451008B8E85 /* RWTCube.h */ = {isa = PBXFileReference; fileEncoding = 4; lastKnownFileType = sourcecode.c.h; path = RWTCube.h; sourceTree = "<group>"; };
		0F7CA97D2882F451008B8E85 /* RWTSphere.m */ = {isa = PBXFileReference; fileEncoding = 4; lastKnownFileType = sourcecode.c.objc; path = RWTSphere.m; sourceTree = "<group>"; };
		0F7CA97E2882F451008B8E85 /* sphere.m */ = {isa = PBXFileReference; fileEncoding = 4; lastKnownFileType = sourcecode.c.objc; path = sphere.m; sourceTree = "<group>"; };
		0F7CA97F2882F451008B8E85 /* RWTSword.h */ = {isa = PBXFileReference; fileEncoding = 4; lastKnownFileType = sourcecode.c.h; path = RWTSword.h; sourceTree = "<group>"; };
		0F7CA9812882F451008B8E85 /* RWTCylinder.h */ = {isa = PBXFileReference; fileEncoding = 4; lastKnownFileType = sourcecode.c.h; path = RWTCylinder.h; sourceTree = "<group>"; };
		0F7CA9822882F451008B8E85 /* RWTViewController.m */ = {isa = PBXFileReference; fileEncoding = 4; lastKnownFileType = sourcecode.c.objc; path = RWTViewController.m; sourceTree = "<group>"; };
		0F7CA9832882F451008B8E85 /* mushroom.m */ = {isa = PBXFileReference; fileEncoding = 4; lastKnownFileType = sourcecode.c.objc; path = mushroom.m; sourceTree = "<group>"; };
		0F7CA9842882F451008B8E85 /* boatd.m */ = {isa = PBXFileReference; fileEncoding = 4; lastKnownFileType = sourcecode.c.objc; path = boatd.m; sourceTree = "<group>"; };
		0F7CA9852882F451008B8E85 /* boatd.h */ = {isa = PBXFileReference; fileEncoding = 4; lastKnownFileType = sourcecode.c.h; path = boatd.h; sourceTree = "<group>"; };
		0F7CA9862882F451008B8E85 /* RWTModel.h */ = {isa = PBXFileReference; fileEncoding = 4; lastKnownFileType = sourcecode.c.h; path = RWTModel.h; sourceTree = "<group>"; };
		0F7CA9872882F451008B8E85 /* RWTSword.m */ = {isa = PBXFileReference; fileEncoding = 4; lastKnownFileType = sourcecode.c.objc; path = RWTSword.m; sourceTree = "<group>"; };
		0F7CA9882882F452008B8E85 /* RWTCylinder.m */ = {isa = PBXFileReference; fileEncoding = 4; lastKnownFileType = sourcecode.c.objc; path = RWTCylinder.m; sourceTree = "<group>"; };
		0F7CA9892882F452008B8E85 /* RWTBoard.m */ = {isa = PBXFileReference; fileEncoding = 4; lastKnownFileType = sourcecode.c.objc; path = RWTBoard.m; sourceTree = "<group>"; };
		0F7CA98A2882F452008B8E85 /* sword.m */ = {isa = PBXFileReference; fileEncoding = 4; lastKnownFileType = sourcecode.c.objc; path = sword.m; sourceTree = "<group>"; };
		0F7CA98B2882F452008B8E85 /* sphere.h */ = {isa = PBXFileReference; fileEncoding = 4; lastKnownFileType = sourcecode.c.h; path = sphere.h; sourceTree = "<group>"; };
		0F7CA98D2882F452008B8E85 /* tree.h */ = {isa = PBXFileReference; fileEncoding = 4; lastKnownFileType = sourcecode.c.h; path = tree.h; sourceTree = "<group>"; };
		0F7CA98E2882F452008B8E85 /* tree.m */ = {isa = PBXFileReference; fileEncoding = 4; lastKnownFileType = sourcecode.c.objc; path = tree.m; sourceTree = "<group>"; };
		0F7CA98F2882F452008B8E85 /* cylinderblue.h */ = {isa = PBXFileReference; fileEncoding = 4; lastKnownFileType = sourcecode.c.h; path = cylinderblue.h; sourceTree = "<group>"; };
		0F7CA9902882F452008B8E85 /* iOpenGLES-Prefix.pch */ = {isa = PBXFileReference; fileEncoding = 4; lastKnownFileType = sourcecode.c.h; path = "iOpenGLES-Prefix.pch"; sourceTree = "<group>"; };
		0F7CA9A32882F47C008B8E85 /* RWTSimpleFragment.glsl */ = {isa = PBXFileReference; fileEncoding = 4; lastKnownFileType = text; path = RWTSimpleFragment.glsl; sourceTree = "<group>"; };
		0F7CA9A42882F47C008B8E85 /* RWTSimpleVertex.glsl */ = {isa = PBXFileReference; fileEncoding = 4; lastKnownFileType = text; path = RWTSimpleVertex.glsl; sourceTree = "<group>"; };
		0F7CA9A82882F494008B8E85 /* RWTBaseEffect.h */ = {isa = PBXFileReference; fileEncoding = 4; lastKnownFileType = sourcecode.c.h; path = RWTBaseEffect.h; sourceTree = "<group>"; };
		0F7CA9A92882F494008B8E85 /* RWTBaseEffect.m */ = {isa = PBXFileReference; fileEncoding = 4; lastKnownFileType = sourcecode.c.objc; path = RWTBaseEffect.m; sourceTree = "<group>"; };
		0F7CA9AA2882F494008B8E85 /* RWTVertex.h */ = {isa = PBXFileReference; fileEncoding = 4; lastKnownFileType = sourcecode.c.h; path = RWTVertex.h; sourceTree = "<group>"; };
		0F7CA9AC2882F6D5008B8E85 /* RWTBoard.h */ = {isa = PBXFileReference; fileEncoding = 4; lastKnownFileType = sourcecode.c.h; path = RWTBoard.h; sourceTree = "<group>"; };
/* End PBXFileReference section */

/* Begin PBXFrameworksBuildPhase section */
		0F7CA9382882F3D5008B8E85 /* Frameworks */ = {
			isa = PBXFrameworksBuildPhase;
			buildActionMask = 2147483647;
			files = (
			);
			runOnlyForDeploymentPostprocessing = 0;
		};
/* End PBXFrameworksBuildPhase section */

/* Begin PBXGroup section */
		0F184FA12882FBCF00335E73 /* Vertices */ = {
			isa = PBXGroup;
			children = (
				0F7CA9852882F451008B8E85 /* boatd.h */,
				0F7CA9842882F451008B8E85 /* boatd.m */,
				0F7CA98F2882F452008B8E85 /* cylinderblue.h */,
				0F7CA9782882F451008B8E85 /* cylinderblue.m */,
				0F7CA9712882F451008B8E85 /* mushroom.h */,
				0F7CA9832882F451008B8E85 /* mushroom.m */,
				0F7CA98B2882F452008B8E85 /* sphere.h */,
				0F7CA97E2882F451008B8E85 /* sphere.m */,
				0F7CA9772882F451008B8E85 /* sword.h */,
				0F7CA98A2882F452008B8E85 /* sword.m */,
				0F7CA98D2882F452008B8E85 /* tree.h */,
				0F7CA98E2882F452008B8E85 /* tree.m */,
			);
			path = Vertices;
			sourceTree = "<group>";
		};
		0F7CA9322882F3D5008B8E85 = {
			isa = PBXGroup;
			children = (
				0F7CA93D2882F3D5008B8E85 /* iOpenGLES */,
				0F7CA93C2882F3D5008B8E85 /* Products */,
			);
			sourceTree = "<group>";
		};
		0F7CA93C2882F3D5008B8E85 /* Products */ = {
			isa = PBXGroup;
			children = (
				0F7CA93B2882F3D5008B8E85 /* iOpenGLES.app */,
			);
			name = Products;
			sourceTree = "<group>";
		};
		0F7CA93D2882F3D5008B8E85 /* iOpenGLES */ = {
			isa = PBXGroup;
			children = (
				0F7CA9A72882F486008B8E85 /* Base */,
				0F184FA12882FBCF00335E73 /* Vertices */,
				0F7CA96F2882F443008B8E85 /* Models */,
				0F7CA93E2882F3D5008B8E85 /* AppDelegate.h */,
				0F7CA93F2882F3D5008B8E85 /* AppDelegate.m */,
				0F7CA9722882F451008B8E85 /* RWTViewController.h */,
				0F7CA9822882F451008B8E85 /* RWTViewController.m */,
				0F7CA9412882F3D5008B8E85 /* SceneDelegate.h */,
				0F7CA9422882F3D5008B8E85 /* SceneDelegate.m */,
				0F7CA9572882F403008B8E85 /* Resources */,
			);
			path = iOpenGLES;
			sourceTree = "<group>";
		};
		0F7CA9572882F403008B8E85 /* Resources */ = {
			isa = PBXGroup;
			children = (
				0F184F9F2882F9E900335E73 /* Main.storyboard */,
				0F7CA9A22882F464008B8E85 /* glsl */,
				0F7CA9582882F41C008B8E85 /* Image */,
				0F7CA94A2882F3D6008B8E85 /* Assets.xcassets */,
				0F7CA94C2882F3D6008B8E85 /* LaunchScreen.storyboard */,
				0F7CA94F2882F3D6008B8E85 /* Info.plist */,
				0F7CA9502882F3D6008B8E85 /* main.m */,
				0F7CA9902882F452008B8E85 /* iOpenGLES-Prefix.pch */,
			);
			path = Resources;
			sourceTree = "<group>";
		};
		0F7CA9582882F41C008B8E85 /* Image */ = {
			isa = PBXGroup;
			children = (
				0F7CA95B2882F431008B8E85 /* barrelsecond.png */,
				0F7CA95F2882F431008B8E85 /* boardred.png */,
				0F7CA95A2882F431008B8E85 /* cylinderblue.png */,
				0F7CA95D2882F431008B8E85 /* dungeon_01.png */,
				0F7CA9602882F431008B8E85 /* greenbox.png */,
				0F7CA9622882F431008B8E85 /* mushroom.png */,
				0F7CA9592882F431008B8E85 /* razewarelogo_128.png */,
				0F7CA9612882F431008B8E85 /* sphere2.png */,
				0F7CA95C2882F431008B8E85 /* sword.png */,
				0F7CA95E2882F431008B8E85 /* tree.png */,
				0F7CA9632882F431008B8E85 /* whitebarrel.png */,
			);
			path = Image;
			sourceTree = "<group>";
		};
		0F7CA96F2882F443008B8E85 /* Models */ = {
			isa = PBXGroup;
			children = (
				0F7CA9AC2882F6D5008B8E85 /* RWTBoard.h */,
				0F7CA9892882F452008B8E85 /* RWTBoard.m */,
				0F7CA9812882F451008B8E85 /* RWTCylinder.h */,
				0F7CA9882882F452008B8E85 /* RWTCylinder.m */,
				0F7CA97C2882F451008B8E85 /* RWTCube.h */,
				0F7CA9762882F451008B8E85 /* RWTCube.m */,
				0F7CA9752882F451008B8E85 /* RWTMushroom.h */,
				0F7CA9792882F451008B8E85 /* RWTMushroom.m */,
				0F7CA97F2882F451008B8E85 /* RWTSword.h */,
				0F7CA9872882F451008B8E85 /* RWTSword.m */,
				0F7CA9742882F451008B8E85 /* RWTTree.h */,
				0F7CA97B2882F451008B8E85 /* RWTTree.m */,
				0F7CA97A2882F451008B8E85 /* RWTSphere.h */,
				0F7CA97D2882F451008B8E85 /* RWTSphere.m */,
			);
			path = Models;
			sourceTree = "<group>";
		};
		0F7CA9A22882F464008B8E85 /* glsl */ = {
			isa = PBXGroup;
			children = (
				0F7CA9A32882F47C008B8E85 /* RWTSimpleFragment.glsl */,
				0F7CA9A42882F47C008B8E85 /* RWTSimpleVertex.glsl */,
			);
			path = glsl;
			sourceTree = "<group>";
		};
		0F7CA9A72882F486008B8E85 /* Base */ = {
			isa = PBXGroup;
			children = (
				0F7CA9AA2882F494008B8E85 /* RWTVertex.h */,
				0F7CA9A82882F494008B8E85 /* RWTBaseEffect.h */,
				0F7CA9A92882F494008B8E85 /* RWTBaseEffect.m */,
				0F7CA9862882F451008B8E85 /* RWTModel.h */,
				0F7CA9732882F451008B8E85 /* RWTModel.m */,
			);
			path = Base;
			sourceTree = "<group>";
		};
/* End PBXGroup section */

/* Begin PBXNativeTarget section */
		0F7CA93A2882F3D5008B8E85 /* iOpenGLES */ = {
			isa = PBXNativeTarget;
			buildConfigurationList = 0F7CA9542882F3D6008B8E85 /* Build configuration list for PBXNativeTarget "iOpenGLES" */;
			buildPhases = (
				0F7CA9372882F3D5008B8E85 /* Sources */,
				0F7CA9382882F3D5008B8E85 /* Frameworks */,
				0F7CA9392882F3D5008B8E85 /* Resources */,
			);
			buildRules = (
			);
			dependencies = (
			);
			name = iOpenGLES;
			productName = iOpenGLES;
			productReference = 0F7CA93B2882F3D5008B8E85 /* iOpenGLES.app */;
			productType = "com.apple.product-type.application";
		};
/* End PBXNativeTarget section */

/* Begin PBXProject section */
		0F7CA9332882F3D5008B8E85 /* Project object */ = {
			isa = PBXProject;
			attributes = {
				BuildIndependentTargetsInParallel = 1;
				LastUpgradeCheck = 1340;
				TargetAttributes = {
					0F7CA93A2882F3D5008B8E85 = {
						CreatedOnToolsVersion = 13.4;
					};
				};
			};
			buildConfigurationList = 0F7CA9362882F3D5008B8E85 /* Build configuration list for PBXProject "iOpenGLES" */;
			compatibilityVersion = "Xcode 13.0";
			developmentRegion = en;
			hasScannedForEncodings = 0;
			knownRegions = (
				en,
				Base,
			);
			mainGroup = 0F7CA9322882F3D5008B8E85;
			productRefGroup = 0F7CA93C2882F3D5008B8E85 /* Products */;
			projectDirPath = "";
			projectRoot = "";
			targets = (
				0F7CA93A2882F3D5008B8E85 /* iOpenGLES */,
			);
		};
/* End PBXProject section */

/* Begin PBXResourcesBuildPhase section */
		0F7CA9392882F3D5008B8E85 /* Resources */ = {
			isa = PBXResourcesBuildPhase;
			buildActionMask = 2147483647;
			files = (
				0F7CA94E2882F3D6008B8E85 /* LaunchScreen.storyboard in Resources */,
				0F7CA96E2882F431008B8E85 /* whitebarrel.png in Resources */,
				0F7CA9682882F431008B8E85 /* dungeon_01.png in Resources */,
				0F7CA9692882F431008B8E85 /* tree.png in Resources */,
				0F7CA9662882F431008B8E85 /* barrelsecond.png in Resources */,
				0F7CA94B2882F3D6008B8E85 /* Assets.xcassets in Resources */,
				0F7CA9672882F431008B8E85 /* sword.png in Resources */,
				0F7CA96C2882F431008B8E85 /* sphere2.png in Resources */,
				0F7CA9A62882F47C008B8E85 /* RWTSimpleVertex.glsl in Resources */,
				0F7CA9642882F431008B8E85 /* razewarelogo_128.png in Resources */,
				0F7CA96A2882F431008B8E85 /* boardred.png in Resources */,
				0F184FA02882F9E900335E73 /* Main.storyboard in Resources */,
				0F7CA9652882F431008B8E85 /* cylinderblue.png in Resources */,
				0F7CA9A52882F47C008B8E85 /* RWTSimpleFragment.glsl in Resources */,
				0F7CA96B2882F431008B8E85 /* greenbox.png in Resources */,
				0F7CA96D2882F431008B8E85 /* mushroom.png in Resources */,
			);
			runOnlyForDeploymentPostprocessing = 0;
		};
/* End PBXResourcesBuildPhase section */

/* Begin PBXSourcesBuildPhase section */
		0F7CA9372882F3D5008B8E85 /* Sources */ = {
			isa = PBXSourcesBuildPhase;
			buildActionMask = 2147483647;
			files = (
				0F7CA99B2882F452008B8E85 /* boatd.m in Sources */,
				0F7CA99C2882F452008B8E85 /* RWTSword.m in Sources */,
				0F7CA9A12882F452008B8E85 /* tree.m in Sources */,
				0F7CA9922882F452008B8E85 /* RWTModel.m in Sources */,
				0F7CA99F2882F452008B8E85 /* sword.m in Sources */,
				0F7CA9AB2882F494008B8E85 /* RWTBaseEffect.m in Sources */,
				0F7CA9992882F452008B8E85 /* RWTViewController.m in Sources */,
				0F7CA99E2882F452008B8E85 /* RWTBoard.m in Sources */,
				0F7CA9942882F452008B8E85 /* cylinderblue.m in Sources */,
				0F7CA9402882F3D5008B8E85 /* AppDelegate.m in Sources */,
				0F7CA9972882F452008B8E85 /* RWTSphere.m in Sources */,
				0F7CA9512882F3D6008B8E85 /* main.m in Sources */,
				0F7CA9432882F3D5008B8E85 /* SceneDelegate.m in Sources */,
				0F7CA9952882F452008B8E85 /* RWTMushroom.m in Sources */,
				0F7CA99D2882F452008B8E85 /* RWTCylinder.m in Sources */,
				0F7CA9932882F452008B8E85 /* RWTCube.m in Sources */,
				0F7CA99A2882F452008B8E85 /* mushroom.m in Sources */,
				0F7CA9982882F452008B8E85 /* sphere.m in Sources */,
				0F7CA9962882F452008B8E85 /* RWTTree.m in Sources */,
			);
			runOnlyForDeploymentPostprocessing = 0;
		};
/* End PBXSourcesBuildPhase section */

/* Begin PBXVariantGroup section */
		0F7CA94C2882F3D6008B8E85 /* LaunchScreen.storyboard */ = {
			isa = PBXVariantGroup;
			children = (
				0F7CA94D2882F3D6008B8E85 /* Base */,
			);
			name = LaunchScreen.storyboard;
			sourceTree = "<group>";
		};
/* End PBXVariantGroup section */

/* Begin XCBuildConfiguration section */
		0F7CA9522882F3D6008B8E85 /* Debug */ = {
			isa = XCBuildConfiguration;
			buildSettings = {
				ALWAYS_SEARCH_USER_PATHS = NO;
				CLANG_ANALYZER_NONNULL = YES;
				CLANG_ANALYZER_NUMBER_OBJECT_CONVERSION = YES_AGGRESSIVE;
				CLANG_CXX_LANGUAGE_STANDARD = "gnu++17";
				CLANG_ENABLE_MODULES = YES;
				CLANG_ENABLE_OBJC_ARC = YES;
				CLANG_ENABLE_OBJC_WEAK = YES;
				CLANG_WARN_BLOCK_CAPTURE_AUTORELEASING = YES;
				CLANG_WARN_BOOL_CONVERSION = YES;
				CLANG_WARN_COMMA = YES;
				CLANG_WARN_CONSTANT_CONVERSION = YES;
				CLANG_WARN_DEPRECATED_OBJC_IMPLEMENTATIONS = YES;
				CLANG_WARN_DIRECT_OBJC_ISA_USAGE = YES_ERROR;
				CLANG_WARN_DOCUMENTATION_COMMENTS = YES;
				CLANG_WARN_EMPTY_BODY = YES;
				CLANG_WARN_ENUM_CONVERSION = YES;
				CLANG_WARN_INFINITE_RECURSION = YES;
				CLANG_WARN_INT_CONVERSION = YES;
				CLANG_WARN_NON_LITERAL_NULL_CONVERSION = YES;
				CLANG_WARN_OBJC_IMPLICIT_RETAIN_SELF = YES;
				CLANG_WARN_OBJC_LITERAL_CONVERSION = YES;
				CLANG_WARN_OBJC_ROOT_CLASS = YES_ERROR;
				CLANG_WARN_QUOTED_INCLUDE_IN_FRAMEWORK_HEADER = YES;
				CLANG_WARN_RANGE_LOOP_ANALYSIS = YES;
				CLANG_WARN_STRICT_PROTOTYPES = YES;
				CLANG_WARN_SUSPICIOUS_MOVE = YES;
				CLANG_WARN_UNGUARDED_AVAILABILITY = YES_AGGRESSIVE;
				CLANG_WARN_UNREACHABLE_CODE = YES;
				CLANG_WARN__DUPLICATE_METHOD_MATCH = YES;
				COPY_PHASE_STRIP = NO;
				DEBUG_INFORMATION_FORMAT = dwarf;
				ENABLE_STRICT_OBJC_MSGSEND = YES;
				ENABLE_TESTABILITY = YES;
				GCC_C_LANGUAGE_STANDARD = gnu11;
				GCC_DYNAMIC_NO_PIC = NO;
				GCC_NO_COMMON_BLOCKS = YES;
				GCC_OPTIMIZATION_LEVEL = 0;
				GCC_PREPROCESSOR_DEFINITIONS = (
					"DEBUG=1",
					"$(inherited)",
				);
				GCC_WARN_64_TO_32_BIT_CONVERSION = YES;
				GCC_WARN_ABOUT_RETURN_TYPE = YES_ERROR;
				GCC_WARN_UNDECLARED_SELECTOR = YES;
				GCC_WARN_UNINITIALIZED_AUTOS = YES_AGGRESSIVE;
				GCC_WARN_UNUSED_FUNCTION = YES;
				GCC_WARN_UNUSED_VARIABLE = YES;
				IPHONEOS_DEPLOYMENT_TARGET = 15.5;
				MTL_ENABLE_DEBUG_INFO = INCLUDE_SOURCE;
				MTL_FAST_MATH = YES;
				ONLY_ACTIVE_ARCH = YES;
				SDKROOT = iphoneos;
			};
			name = Debug;
		};
		0F7CA9532882F3D6008B8E85 /* Release */ = {
			isa = XCBuildConfiguration;
			buildSettings = {
				ALWAYS_SEARCH_USER_PATHS = NO;
				CLANG_ANALYZER_NONNULL = YES;
				CLANG_ANALYZER_NUMBER_OBJECT_CONVERSION = YES_AGGRESSIVE;
				CLANG_CXX_LANGUAGE_STANDARD = "gnu++17";
				CLANG_ENABLE_MODULES = YES;
				CLANG_ENABLE_OBJC_ARC = YES;
				CLANG_ENABLE_OBJC_WEAK = YES;
				CLANG_WARN_BLOCK_CAPTURE_AUTORELEASING = YES;
				CLANG_WARN_BOOL_CONVERSION = YES;
				CLANG_WARN_COMMA = YES;
				CLANG_WARN_CONSTANT_CONVERSION = YES;
				CLANG_WARN_DEPRECATED_OBJC_IMPLEMENTATIONS = YES;
				CLANG_WARN_DIRECT_OBJC_ISA_USAGE = YES_ERROR;
				CLANG_WARN_DOCUMENTATION_COMMENTS = YES;
				CLANG_WARN_EMPTY_BODY = YES;
				CLANG_WARN_ENUM_CONVERSION = YES;
				CLANG_WARN_INFINITE_RECURSION = YES;
				CLANG_WARN_INT_CONVERSION = YES;
				CLANG_WARN_NON_LITERAL_NULL_CONVERSION = YES;
				CLANG_WARN_OBJC_IMPLICIT_RETAIN_SELF = YES;
				CLANG_WARN_OBJC_LITERAL_CONVERSION = YES;
				CLANG_WARN_OBJC_ROOT_CLASS = YES_ERROR;
				CLANG_WARN_QUOTED_INCLUDE_IN_FRAMEWORK_HEADER = YES;
				CLANG_WARN_RANGE_LOOP_ANALYSIS = YES;
				CLANG_WARN_STRICT_PROTOTYPES = YES;
				CLANG_WARN_SUSPICIOUS_MOVE = YES;
				CLANG_WARN_UNGUARDED_AVAILABILITY = YES_AGGRESSIVE;
				CLANG_WARN_UNREACHABLE_CODE = YES;
				CLANG_WARN__DUPLICATE_METHOD_MATCH = YES;
				COPY_PHASE_STRIP = NO;
				DEBUG_INFORMATION_FORMAT = "dwarf-with-dsym";
				ENABLE_NS_ASSERTIONS = NO;
				ENABLE_STRICT_OBJC_MSGSEND = YES;
				GCC_C_LANGUAGE_STANDARD = gnu11;
				GCC_NO_COMMON_BLOCKS = YES;
				GCC_WARN_64_TO_32_BIT_CONVERSION = YES;
				GCC_WARN_ABOUT_RETURN_TYPE = YES_ERROR;
				GCC_WARN_UNDECLARED_SELECTOR = YES;
				GCC_WARN_UNINITIALIZED_AUTOS = YES_AGGRESSIVE;
				GCC_WARN_UNUSED_FUNCTION = YES;
				GCC_WARN_UNUSED_VARIABLE = YES;
				IPHONEOS_DEPLOYMENT_TARGET = 15.5;
				MTL_ENABLE_DEBUG_INFO = NO;
				MTL_FAST_MATH = YES;
				SDKROOT = iphoneos;
				VALIDATE_PRODUCT = YES;
			};
			name = Release;
		};
		0F7CA9552882F3D6008B8E85 /* Debug */ = {
			isa = XCBuildConfiguration;
			buildSettings = {
				ASSETCATALOG_COMPILER_APPICON_NAME = AppIcon;
				ASSETCATALOG_COMPILER_GLOBAL_ACCENT_COLOR_NAME = AccentColor;
				CODE_SIGN_STYLE = Automatic;
				CURRENT_PROJECT_VERSION = 1;
				DEVELOPMENT_TEAM = V7SGL5CCQ8;
				GCC_PREFIX_HEADER = "${SRCROOT}/iOpenGLES/Resources/iOpenGLES-Prefix.pch";
				GCC_PREPROCESSOR_DEFINITIONS = (
					"DEBUG=1",
					"$(inherited)",
					"GLES_SILENCE_DEPRECATION=1",
				);
				GENERATE_INFOPLIST_FILE = YES;
				INFOPLIST_FILE = iOpenGLES/Resources/Info.plist;
				INFOPLIST_KEY_UIApplicationSupportsIndirectInputEvents = YES;
				INFOPLIST_KEY_UILaunchStoryboardName = LaunchScreen;
				INFOPLIST_KEY_UIMainStoryboardFile = Main;
				INFOPLIST_KEY_UISupportedInterfaceOrientations_iPad = "UIInterfaceOrientationPortrait UIInterfaceOrientationPortraitUpsideDown UIInterfaceOrientationLandscapeLeft UIInterfaceOrientationLandscapeRight";
				INFOPLIST_KEY_UISupportedInterfaceOrientations_iPhone = "UIInterfaceOrientationPortrait UIInterfaceOrientationLandscapeLeft UIInterfaceOrientationLandscapeRight";
				LD_RUNPATH_SEARCH_PATHS = (
					"$(inherited)",
					"@executable_path/Frameworks",
				);
				MARKETING_VERSION = 1.0;
				PRODUCT_BUNDLE_IDENTIFIER = com.ytest.iopengl.iOpenGLES;
				PRODUCT_NAME = "$(TARGET_NAME)";
				SWIFT_EMIT_LOC_STRINGS = YES;
				TARGETED_DEVICE_FAMILY = "1,2";
			};
			name = Debug;
		};
		0F7CA9562882F3D6008B8E85 /* Release */ = {
			isa = XCBuildConfiguration;
			buildSettings = {
				ASSETCATALOG_COMPILER_APPICON_NAME = AppIcon;
				ASSETCATALOG_COMPILER_GLOBAL_ACCENT_COLOR_NAME = AccentColor;
				CODE_SIGN_STYLE = Automatic;
				CURRENT_PROJECT_VERSION = 1;
				DEVELOPMENT_TEAM = V7SGL5CCQ8;
				GCC_PREFIX_HEADER = "${SRCROOT}/iOpenGLES/Resources/iOpenGLES-Prefix.pch";
				GCC_PREPROCESSOR_DEFINITIONS = "GLES_SILENCE_DEPRECATION=1";
				GENERATE_INFOPLIST_FILE = YES;
				INFOPLIST_FILE = iOpenGLES/Resources/Info.plist;
				INFOPLIST_KEY_UIApplicationSupportsIndirectInputEvents = YES;
				INFOPLIST_KEY_UILaunchStoryboardName = LaunchScreen;
				INFOPLIST_KEY_UIMainStoryboardFile = Main;
				INFOPLIST_KEY_UISupportedInterfaceOrientations_iPad = "UIInterfaceOrientationPortrait UIInterfaceOrientationPortraitUpsideDown UIInterfaceOrientationLandscapeLeft UIInterfaceOrientationLandscapeRight";
				INFOPLIST_KEY_UISupportedInterfaceOrientations_iPhone = "UIInterfaceOrientationPortrait UIInterfaceOrientationLandscapeLeft UIInterfaceOrientationLandscapeRight";
				LD_RUNPATH_SEARCH_PATHS = (
					"$(inherited)",
					"@executable_path/Frameworks",
				);
				MARKETING_VERSION = 1.0;
				PRODUCT_BUNDLE_IDENTIFIER = com.ytest.iopengl.iOpenGLES;
				PRODUCT_NAME = "$(TARGET_NAME)";
				SWIFT_EMIT_LOC_STRINGS = YES;
				TARGETED_DEVICE_FAMILY = "1,2";
			};
			name = Release;
		};
/* End XCBuildConfiguration section */

/* Begin XCConfigurationList section */
		0F7CA9362882F3D5008B8E85 /* Build configuration list for PBXProject "iOpenGLES" */ = {
			isa = XCConfigurationList;
			buildConfigurations = (
				0F7CA9522882F3D6008B8E85 /* Debug */,
				0F7CA9532882F3D6008B8E85 /* Release */,
			);
			defaultConfigurationIsVisible = 0;
			defaultConfigurationName = Release;
		};
		0F7CA9542882F3D6008B8E85 /* Build configuration list for PBXNativeTarget "iOpenGLES" */ = {
			isa = XCConfigurationList;
			buildConfigurations = (
				0F7CA9552882F3D6008B8E85 /* Debug */,
				0F7CA9562882F3D6008B8E85 /* Release */,
			);
			defaultConfigurationIsVisible = 0;
			defaultConfigurationName = Release;
		};
/* End XCConfigurationList section */
	};
	rootObject = 0F7CA9332882F3D5008B8E85 /* Project object */;
}
